
Microsoft Visual Studio Solution File, Format Version 12.00
# Visual Studio Version 18
VisualStudioVersion = 18.0.11010.61
MinimumVisualStudioVersion = 10.0.40219.1
Project("{FAE04EC0-301F-11D3-BF4B-00C04F79EFBC}") = "DPM225449_TranDinhNgon_Patten01_AbstractFactory", "DPM225449_TranDinhNgon_Patten01_AbstractFactory\DPM225449_TranDinhNgon_Patten01_AbstractFactory.csproj", "{F0C066F4-2521-4E1B-8FDD-3B4B00D4F4B0}"
EndProject
Project("{FAE04EC0-301F-11D3-BF4B-00C04F79EFBC}") = "DPM225449_TranDinhNgon_Real01_AbstractFactory", "DPM225449_TranDinhNgon_Real01_AbstractFactory\DPM225449_TranDinhNgon_Real01_AbstractFactory.csproj", "{E307667B-3D0A-4B79-82EC-53487B4A0DC4}"
EndProject
Project("{FAE04EC0-301F-11D3-BF4B-00C04F79EFBC}") = "DPM225449_TranDinhNgon_MyReal01_AbstractFactory", "DPM225449_TranDinhNgon_MyReal01_AbstractFactory\DPM225449_TranDinhNgon_MyReal01_AbstractFactory.csproj", "{68BFC9B0-6523-424C-8F19-D80EA6A55174}"
EndProject
Project("{FAE04EC0-301F-11D3-BF4B-00C04F79EFBC}") = "DPM225449_TranDinhNgon_Pattern02_Builder", "DPM225449_TranDinhNgon_Pattern02_Builder\DPM225449_TranDinhNgon_Pattern02_Builder.csproj", "{EC2517C6-C1C6-462C-A273-5462E41584B3}"
EndProject
Project("{FAE04EC0-301F-11D3-BF4B-00C04F79EFBC}") = "DPM225449_TranDinhNgon_Real02_Builer", "DPM225449_TranDinhNgon_Real02_Builer\DPM225449_TranDinhNgon_Real02_Builer.csproj", "{B3457B4A-22DB-4C69-BC12-CFAF3F696F87}"
EndProject
Project("{2150E333-8FDC-42A3-9474-1A3956D46DE8}") = "Builder", "Builder", "{02EA681E-C7D8-13C7-8484-4AC65E1B71E8}"
EndProject
Project("{2150E333-8FDC-42A3-9474-1A3956D46DE8}") = "AbstractFactory", "AbstractFactory", "{7F06855F-DE6F-44E2-A8C7-DAABC1422057}"
EndProject
Project("{2150E333-8FDC-42A3-9474-1A3956D46DE8}") = "Factory Method", "Factory Method", "{00B1B6BC-66EE-4E9B-8FAC-4DFDC67E2980}"
EndProject
Project("{FAE04EC0-301F-11D3-BF4B-00C04F79EFBC}") = "DPM225449_TranDinhNgon_Pattern03_Factory Method", "DPM225449_TranDinhNgon_Pattern03_Factory Method\DPM225449_TranDinhNgon_Pattern03_Factory Method.csproj", "{D5EABEAE-83DF-41A5-B88C-205609BCC9CA}"
EndProject
Project("{FAE04EC0-301F-11D3-BF4B-00C04F79EFBC}") = "DPM225449_TranDinhNgon_Real03_Factory Method", "DPM225449_TranDinhNgon_Real03_Factory Method\DPM225449_TranDinhNgon_Real03_Factory Method.csproj", "{EB3BBD48-93E8-4941-9395-83FF48160FC4}"
EndProject
Project("{2150E333-8FDC-42A3-9474-1A3956D46DE8}") = "Prototype", "Prototype", "{50C129F1-8623-42A3-B5B1-B42E462F8EB2}"
EndProject
Project("{FAE04EC0-301F-11D3-BF4B-00C04F79EFBC}") = "DPM225449_TranDinhNgon_Pattern04_Prototype", "DPM225449_TranDinhNgon_Pattern04_Prototype\DPM225449_TranDinhNgon_Pattern04_Prototype.csproj", "{0698057C-114B-4E41-866B-A401BF92AA57}"
EndProject
Project("{FAE04EC0-301F-11D3-BF4B-00C04F79EFBC}") = "DPM225449_TranDinhNgon_Real04_Prototype", "DPM225449_TranDinhNgon_Real04_Prototype\DPM225449_TranDinhNgon_Real04_Prototype.csproj", "{009E53BF-756A-499E-9472-09772C8AF97F}"
EndProject
Project("{2150E333-8FDC-42A3-9474-1A3956D46DE8}") = "Singleton", "Singleton", "{46A3E327-66B7-460B-9A44-C274C2D4D237}"
EndProject
Project("{FAE04EC0-301F-11D3-BF4B-00C04F79EFBC}") = "DPM225449_TranDinhNgon_Pattern05_Singleton", "DPM225449_TranDinhNgon_Pattern05_Singleton\DPM225449_TranDinhNgon_Pattern05_Singleton.csproj", "{E30264FE-CAEF-49B7-A995-0EE23D0C930A}"
EndProject
Project("{FAE04EC0-301F-11D3-BF4B-00C04F79EFBC}") = "DPM225449_TranDinhNgon_Real05_Singleton", "DPM225449_TranDinhNgon_Real05_Singleton\DPM225449_TranDinhNgon_Real05_Singleton.csproj", "{379D654B-F1B0-4C4D-9A0F-1AA11BE1968D}"
EndProject
Project("{2150E333-8FDC-42A3-9474-1A3956D46DE8}") = "Adapter", "Adapter", "{A2B04812-06A3-4F84-AF19-35DD831169A1}"
EndProject
Project("{FAE04EC0-301F-11D3-BF4B-00C04F79EFBC}") = "DPM225449_TranDinhNgon_Pattern06_Adapter", "DPM225449_TranDinhNgon_Pattern06_Adapter\DPM225449_TranDinhNgon_Pattern06_Adapter.csproj", "{9E8249ED-AB4E-455B-B2D7-D109938BA46D}"
EndProject
Project("{FAE04EC0-301F-11D3-BF4B-00C04F79EFBC}") = "DPM225449_TranDinhNgon_Real06_Adapter", "DPM225449_TranDinhNgon_Real06_Adapter\DPM225449_TranDinhNgon_Real06_Adapter.csproj", "{FF70F29A-6384-4977-A75B-D8B9A8F44C41}"
EndProject
Project("{2150E333-8FDC-42A3-9474-1A3956D46DE8}") = "Bridge", "Bridge", "{EB1A234E-671E-4861-B4A8-F4D7E047517E}"
EndProject
Project("{FAE04EC0-301F-11D3-BF4B-00C04F79EFBC}") = "DPM225449_TranDinhNgon_Pattern07_Bridge", "DPM225449_TranDinhNgon_Pattern07_Bridge\DPM225449_TranDinhNgon_Pattern07_Bridge.csproj", "{5F52F9BD-858F-401E-B634-2B3EA496BE30}"
EndProject
Project("{FAE04EC0-301F-11D3-BF4B-00C04F79EFBC}") = "DPM225449_TranDinhNgon_Real07_Bridge", "DPM225449_TranDinhNgon_Real07_Bridge\DPM225449_TranDinhNgon_Real07_Bridge.csproj", "{51D1BB68-F5C2-4B91-A089-9621B5CA1E71}"
EndProject
Project("{2150E333-8FDC-42A3-9474-1A3956D46DE8}") = "Composite", "Composite", "{CEAA6917-CB9E-4434-A609-7AD06EF21372}"
EndProject
Project("{FAE04EC0-301F-11D3-BF4B-00C04F79EFBC}") = "DPM225449_TranDinhNgon_Pattern08_Composite", "DPM225449_TranDinhNgon_Pattern08_Composite\DPM225449_TranDinhNgon_Pattern08_Composite.csproj", "{32B282E3-CEFD-4718-8F57-14D7E91B7F89}"
EndProject
Project("{FAE04EC0-301F-11D3-BF4B-00C04F79EFBC}") = "DPM225449_TranDinhNgon_Real08_Composite", "DPM225449_TranDinhNgon_Real08_Composite\DPM225449_TranDinhNgon_Real08_Composite.csproj", "{A8E18B25-439C-43A4-89BF-53C57BAD7991}"
EndProject
Project("{2150E333-8FDC-42A3-9474-1A3956D46DE8}") = "Decorator", "Decorator", "{93BFA314-9331-47C1-831A-0D8394F1667F}"
EndProject
Project("{FAE04EC0-301F-11D3-BF4B-00C04F79EFBC}") = "DPM225449_TranDinhNgon_Pattern09_Decorator", "DPM225449_TranDinhNgon_Pattern09_Decorator\DPM225449_TranDinhNgon_Pattern09_Decorator.csproj", "{A90CF889-A721-460C-81BB-152B480F54C5}"
EndProject
Project("{FAE04EC0-301F-11D3-BF4B-00C04F79EFBC}") = "DPM225449_TranDinhNgon_Real09_Decorator", "DPM225449_TranDinhNgon_Real09_Decorator\DPM225449_TranDinhNgon_Real09_Decorator.csproj", "{1699375E-8B1C-4767-9DA4-FCE4BC264290}"
EndProject
Project("{2150E333-8FDC-42A3-9474-1A3956D46DE8}") = "Facade", "Facade", "{ED8296EC-5E76-478F-B68C-85B9653DC5E7}"
EndProject
Project("{FAE04EC0-301F-11D3-BF4B-00C04F79EFBC}") = "DPM225449_TranDinhNgon_Pattern10_Facade", "DPM225449_TranDinhNgon_Pattern10_Facade\DPM225449_TranDinhNgon_Pattern10_Facade.csproj", "{B4C0CE5C-48CA-435D-958E-5702D11DB4EB}"
EndProject
Project("{FAE04EC0-301F-11D3-BF4B-00C04F79EFBC}") = "DPM225449_TranDinhNgon_Real10_Facade", "DPM225449_TranDinhNgon_Real10_Facade\DPM225449_TranDinhNgon_Real10_Facade.csproj", "{96FDAD58-839C-4243-864D-3C750B672E10}"
EndProject
Project("{FAE04EC0-301F-11D3-BF4B-00C04F79EFBC}") = "DPM225449_TranDinhNgon_MyReal06_Adapter", "DPM225449_TranDinhNgon_MyReal06_Adapter\DPM225449_TranDinhNgon_MyReal06_Adapter.csproj", "{0D767634-56BE-42B3-A397-7B56BBECD4B9}"
EndProject
Project("{FAE04EC0-301F-11D3-BF4B-00C04F79EFBC}") = "DPM225449_TranDinhNgon_MyReal07_Bridge", "DPM225449_TranDinhNgon_MyReal07_Bridge\DPM225449_TranDinhNgon_MyReal07_Bridge.csproj", "{867D1A88-DFB7-449B-BDF7-12B503C1B947}"
EndProject
Project("{FAE04EC0-301F-11D3-BF4B-00C04F79EFBC}") = "DPM225449_TranDinhNgon_MyReal02_Builer", "DPM225449_TranDinhNgon_MyReal02_Builer\DPM225449_TranDinhNgon_MyReal02_Builer.csproj", "{AA174D46-93C2-4034-943C-19FC66B320FA}"
EndProject
Project("{FAE04EC0-301F-11D3-BF4B-00C04F79EFBC}") = "DPM225449_TranDinhNgon_MyReal08_Composite", "DPM225449_TranDinhNgon_MyReal08_Composite\DPM225449_TranDinhNgon_MyReal08_Composite.csproj", "{D1B605FA-51F8-471B-B42F-DA20B0966F7C}"
EndProject
Project("{FAE04EC0-301F-11D3-BF4B-00C04F79EFBC}") = "DPM225449_TranDinhNgon_MyReal09_Decorator", "DPM225449_TranDinhNgon_MyReal09_Decorator\DPM225449_TranDinhNgon_MyReal09_Decorator.csproj", "{3CFF40F5-700C-4112-9F67-9AD97CDCB3FC}"
EndProject
Project("{FAE04EC0-301F-11D3-BF4B-00C04F79EFBC}") = "DPM225449_TranDinhNgon_MyReal10_Facade", "DPM225449_TranDinhNgon_MyReal10_Facade\DPM225449_TranDinhNgon_MyReal10_Facade.csproj", "{DD108DDC-B152-422F-A640-893FD771BA67}"
EndProject
Project("{FAE04EC0-301F-11D3-BF4B-00C04F79EFBC}") = "DPM225449_TranDinhNgon_MyReal03_Factory Method", "DPM225449_TranDinhNgon_MyReal03_Factory Method\DPM225449_TranDinhNgon_MyReal03_Factory Method.csproj", "{3EC593DE-E3C2-434D-A7D8-F80BE3D01F9E}"
EndProject
Project("{FAE04EC0-301F-11D3-BF4B-00C04F79EFBC}") = "DPM225449_TranDinhNgon_MyReal04_Prototype", "DPM225449_TranDinhNgon_MyReal04_Prototype\DPM225449_TranDinhNgon_MyReal04_Prototype.csproj", "{E1FFBA59-B142-421E-ACDD-1DDAE8AC7C68}"
EndProject
Project("{FAE04EC0-301F-11D3-BF4B-00C04F79EFBC}") = "DPM225449_TranDinhNgon_MyReal05_Singleton", "DPM225449_TranDinhNgon_MyReal05_Singleton\DPM225449_TranDinhNgon_MyReal05_Singleton.csproj", "{E4965936-DD6D-4A21-BDAB-5FDE9FD096AE}"
EndProject
Global
	GlobalSection(SolutionConfigurationPlatforms) = preSolution
		Debug|Any CPU = Debug|Any CPU
		Release|Any CPU = Release|Any CPU
	EndGlobalSection
	GlobalSection(ProjectConfigurationPlatforms) = postSolution
		{F0C066F4-2521-4E1B-8FDD-3B4B00D4F4B0}.Debug|Any CPU.ActiveCfg = Debug|Any CPU
		{F0C066F4-2521-4E1B-8FDD-3B4B00D4F4B0}.Debug|Any CPU.Build.0 = Debug|Any CPU
		{F0C066F4-2521-4E1B-8FDD-3B4B00D4F4B0}.Release|Any CPU.ActiveCfg = Release|Any CPU
		{F0C066F4-2521-4E1B-8FDD-3B4B00D4F4B0}.Release|Any CPU.Build.0 = Release|Any CPU
		{E307667B-3D0A-4B79-82EC-53487B4A0DC4}.Debug|Any CPU.ActiveCfg = Debug|Any CPU
		{E307667B-3D0A-4B79-82EC-53487B4A0DC4}.Debug|Any CPU.Build.0 = Debug|Any CPU
		{E307667B-3D0A-4B79-82EC-53487B4A0DC4}.Release|Any CPU.ActiveCfg = Release|Any CPU
		{E307667B-3D0A-4B79-82EC-53487B4A0DC4}.Release|Any CPU.Build.0 = Release|Any CPU
		{68BFC9B0-6523-424C-8F19-D80EA6A55174}.Debug|Any CPU.ActiveCfg = Debug|Any CPU
		{68BFC9B0-6523-424C-8F19-D80EA6A55174}.Debug|Any CPU.Build.0 = Debug|Any CPU
		{68BFC9B0-6523-424C-8F19-D80EA6A55174}.Release|Any CPU.ActiveCfg = Release|Any CPU
		{68BFC9B0-6523-424C-8F19-D80EA6A55174}.Release|Any CPU.Build.0 = Release|Any CPU
		{EC2517C6-C1C6-462C-A273-5462E41584B3}.Debug|Any CPU.ActiveCfg = Debug|Any CPU
		{EC2517C6-C1C6-462C-A273-5462E41584B3}.Debug|Any CPU.Build.0 = Debug|Any CPU
		{EC2517C6-C1C6-462C-A273-5462E41584B3}.Release|Any CPU.ActiveCfg = Release|Any CPU
		{EC2517C6-C1C6-462C-A273-5462E41584B3}.Release|Any CPU.Build.0 = Release|Any CPU
		{B3457B4A-22DB-4C69-BC12-CFAF3F696F87}.Debug|Any CPU.ActiveCfg = Debug|Any CPU
		{B3457B4A-22DB-4C69-BC12-CFAF3F696F87}.Debug|Any CPU.Build.0 = Debug|Any CPU
		{B3457B4A-22DB-4C69-BC12-CFAF3F696F87}.Release|Any CPU.ActiveCfg = Release|Any CPU
		{B3457B4A-22DB-4C69-BC12-CFAF3F696F87}.Release|Any CPU.Build.0 = Release|Any CPU
		{D5EABEAE-83DF-41A5-B88C-205609BCC9CA}.Debug|Any CPU.ActiveCfg = Debug|Any CPU
		{D5EABEAE-83DF-41A5-B88C-205609BCC9CA}.Debug|Any CPU.Build.0 = Debug|Any CPU
		{D5EABEAE-83DF-41A5-B88C-205609BCC9CA}.Release|Any CPU.ActiveCfg = Release|Any CPU
		{D5EABEAE-83DF-41A5-B88C-205609BCC9CA}.Release|Any CPU.Build.0 = Release|Any CPU
		{EB3BBD48-93E8-4941-9395-83FF48160FC4}.Debug|Any CPU.ActiveCfg = Debug|Any CPU
		{EB3BBD48-93E8-4941-9395-83FF48160FC4}.Debug|Any CPU.Build.0 = Debug|Any CPU
		{EB3BBD48-93E8-4941-9395-83FF48160FC4}.Release|Any CPU.ActiveCfg = Release|Any CPU
		{EB3BBD48-93E8-4941-9395-83FF48160FC4}.Release|Any CPU.Build.0 = Release|Any CPU
		{0698057C-114B-4E41-866B-A401BF92AA57}.Debug|Any CPU.ActiveCfg = Debug|Any CPU
		{0698057C-114B-4E41-866B-A401BF92AA57}.Debug|Any CPU.Build.0 = Debug|Any CPU
		{0698057C-114B-4E41-866B-A401BF92AA57}.Release|Any CPU.ActiveCfg = Release|Any CPU
		{0698057C-114B-4E41-866B-A401BF92AA57}.Release|Any CPU.Build.0 = Release|Any CPU
		{009E53BF-756A-499E-9472-09772C8AF97F}.Debug|Any CPU.ActiveCfg = Debug|Any CPU
		{009E53BF-756A-499E-9472-09772C8AF97F}.Debug|Any CPU.Build.0 = Debug|Any CPU
		{009E53BF-756A-499E-9472-09772C8AF97F}.Release|Any CPU.ActiveCfg = Release|Any CPU
		{009E53BF-756A-499E-9472-09772C8AF97F}.Release|Any CPU.Build.0 = Release|Any CPU
		{E30264FE-CAEF-49B7-A995-0EE23D0C930A}.Debug|Any CPU.ActiveCfg = Debug|Any CPU
		{E30264FE-CAEF-49B7-A995-0EE23D0C930A}.Debug|Any CPU.Build.0 = Debug|Any CPU
		{E30264FE-CAEF-49B7-A995-0EE23D0C930A}.Release|Any CPU.ActiveCfg = Release|Any CPU
		{E30264FE-CAEF-49B7-A995-0EE23D0C930A}.Release|Any CPU.Build.0 = Release|Any CPU
		{379D654B-F1B0-4C4D-9A0F-1AA11BE1968D}.Debug|Any CPU.ActiveCfg = Debug|Any CPU
		{379D654B-F1B0-4C4D-9A0F-1AA11BE1968D}.Debug|Any CPU.Build.0 = Debug|Any CPU
		{379D654B-F1B0-4C4D-9A0F-1AA11BE1968D}.Release|Any CPU.ActiveCfg = Release|Any CPU
		{379D654B-F1B0-4C4D-9A0F-1AA11BE1968D}.Release|Any CPU.Build.0 = Release|Any CPU
		{9E8249ED-AB4E-455B-B2D7-D109938BA46D}.Debug|Any CPU.ActiveCfg = Debug|Any CPU
		{9E8249ED-AB4E-455B-B2D7-D109938BA46D}.Debug|Any CPU.Build.0 = Debug|Any CPU
		{9E8249ED-AB4E-455B-B2D7-D109938BA46D}.Release|Any CPU.ActiveCfg = Release|Any CPU
		{9E8249ED-AB4E-455B-B2D7-D109938BA46D}.Release|Any CPU.Build.0 = Release|Any CPU
		{FF70F29A-6384-4977-A75B-D8B9A8F44C41}.Debug|Any CPU.ActiveCfg = Debug|Any CPU
		{FF70F29A-6384-4977-A75B-D8B9A8F44C41}.Debug|Any CPU.Build.0 = Debug|Any CPU
		{FF70F29A-6384-4977-A75B-D8B9A8F44C41}.Release|Any CPU.ActiveCfg = Release|Any CPU
		{FF70F29A-6384-4977-A75B-D8B9A8F44C41}.Release|Any CPU.Build.0 = Release|Any CPU
		{5F52F9BD-858F-401E-B634-2B3EA496BE30}.Debug|Any CPU.ActiveCfg = Debug|Any CPU
		{5F52F9BD-858F-401E-B634-2B3EA496BE30}.Debug|Any CPU.Build.0 = Debug|Any CPU
		{5F52F9BD-858F-401E-B634-2B3EA496BE30}.Release|Any CPU.ActiveCfg = Release|Any CPU
		{5F52F9BD-858F-401E-B634-2B3EA496BE30}.Release|Any CPU.Build.0 = Release|Any CPU
		{51D1BB68-F5C2-4B91-A089-9621B5CA1E71}.Debug|Any CPU.ActiveCfg = Debug|Any CPU
		{51D1BB68-F5C2-4B91-A089-9621B5CA1E71}.Debug|Any CPU.Build.0 = Debug|Any CPU
		{51D1BB68-F5C2-4B91-A089-9621B5CA1E71}.Release|Any CPU.ActiveCfg = Release|Any CPU
		{51D1BB68-F5C2-4B91-A089-9621B5CA1E71}.Release|Any CPU.Build.0 = Release|Any CPU
		{32B282E3-CEFD-4718-8F57-14D7E91B7F89}.Debug|Any CPU.ActiveCfg = Debug|Any CPU
		{32B282E3-CEFD-4718-8F57-14D7E91B7F89}.Debug|Any CPU.Build.0 = Debug|Any CPU
		{32B282E3-CEFD-4718-8F57-14D7E91B7F89}.Release|Any CPU.ActiveCfg = Release|Any CPU
		{32B282E3-CEFD-4718-8F57-14D7E91B7F89}.Release|Any CPU.Build.0 = Release|Any CPU
		{A8E18B25-439C-43A4-89BF-53C57BAD7991}.Debug|Any CPU.ActiveCfg = Debug|Any CPU
		{A8E18B25-439C-43A4-89BF-53C57BAD7991}.Debug|Any CPU.Build.0 = Debug|Any CPU
		{A8E18B25-439C-43A4-89BF-53C57BAD7991}.Release|Any CPU.ActiveCfg = Release|Any CPU
		{A8E18B25-439C-43A4-89BF-53C57BAD7991}.Release|Any CPU.Build.0 = Release|Any CPU
		{A90CF889-A721-460C-81BB-152B480F54C5}.Debug|Any CPU.ActiveCfg = Debug|Any CPU
		{A90CF889-A721-460C-81BB-152B480F54C5}.Debug|Any CPU.Build.0 = Debug|Any CPU
		{A90CF889-A721-460C-81BB-152B480F54C5}.Release|Any CPU.ActiveCfg = Release|Any CPU
		{A90CF889-A721-460C-81BB-152B480F54C5}.Release|Any CPU.Build.0 = Release|Any CPU
		{1699375E-8B1C-4767-9DA4-FCE4BC264290}.Debug|Any CPU.ActiveCfg = Debug|Any CPU
		{1699375E-8B1C-4767-9DA4-FCE4BC264290}.Debug|Any CPU.Build.0 = Debug|Any CPU
		{1699375E-8B1C-4767-9DA4-FCE4BC264290}.Release|Any CPU.ActiveCfg = Release|Any CPU
		{1699375E-8B1C-4767-9DA4-FCE4BC264290}.Release|Any CPU.Build.0 = Release|Any CPU
		{B4C0CE5C-48CA-435D-958E-5702D11DB4EB}.Debug|Any CPU.ActiveCfg = Debug|Any CPU
		{B4C0CE5C-48CA-435D-958E-5702D11DB4EB}.Debug|Any CPU.Build.0 = Debug|Any CPU
		{B4C0CE5C-48CA-435D-958E-5702D11DB4EB}.Release|Any CPU.ActiveCfg = Release|Any CPU
		{B4C0CE5C-48CA-435D-958E-5702D11DB4EB}.Release|Any CPU.Build.0 = Release|Any CPU
		{96FDAD58-839C-4243-864D-3C750B672E10}.Debug|Any CPU.ActiveCfg = Debug|Any CPU
		{96FDAD58-839C-4243-864D-3C750B672E10}.Debug|Any CPU.Build.0 = Debug|Any CPU
		{96FDAD58-839C-4243-864D-3C750B672E10}.Release|Any CPU.ActiveCfg = Release|Any CPU
		{96FDAD58-839C-4243-864D-3C750B672E10}.Release|Any CPU.Build.0 = Release|Any CPU
		{0D767634-56BE-42B3-A397-7B56BBECD4B9}.Debug|Any CPU.ActiveCfg = Debug|Any CPU
		{0D767634-56BE-42B3-A397-7B56BBECD4B9}.Debug|Any CPU.Build.0 = Debug|Any CPU
		{0D767634-56BE-42B3-A397-7B56BBECD4B9}.Release|Any CPU.ActiveCfg = Release|Any CPU
		{0D767634-56BE-42B3-A397-7B56BBECD4B9}.Release|Any CPU.Build.0 = Release|Any CPU
		{867D1A88-DFB7-449B-BDF7-12B503C1B947}.Debug|Any CPU.ActiveCfg = Debug|Any CPU
		{867D1A88-DFB7-449B-BDF7-12B503C1B947}.Debug|Any CPU.Build.0 = Debug|Any CPU
		{867D1A88-DFB7-449B-BDF7-12B503C1B947}.Release|Any CPU.ActiveCfg = Release|Any CPU
		{867D1A88-DFB7-449B-BDF7-12B503C1B947}.Release|Any CPU.Build.0 = Release|Any CPU
		{AA174D46-93C2-4034-943C-19FC66B320FA}.Debug|Any CPU.ActiveCfg = Debug|Any CPU
		{AA174D46-93C2-4034-943C-19FC66B320FA}.Debug|Any CPU.Build.0 = Debug|Any CPU
		{AA174D46-93C2-4034-943C-19FC66B320FA}.Release|Any CPU.ActiveCfg = Release|Any CPU
		{AA174D46-93C2-4034-943C-19FC66B320FA}.Release|Any CPU.Build.0 = Release|Any CPU
		{D1B605FA-51F8-471B-B42F-DA20B0966F7C}.Debug|Any CPU.ActiveCfg = Debug|Any CPU
		{D1B605FA-51F8-471B-B42F-DA20B0966F7C}.Debug|Any CPU.Build.0 = Debug|Any CPU
		{D1B605FA-51F8-471B-B42F-DA20B0966F7C}.Release|Any CPU.ActiveCfg = Release|Any CPU
		{D1B605FA-51F8-471B-B42F-DA20B0966F7C}.Release|Any CPU.Build.0 = Release|Any CPU
		{3CFF40F5-700C-4112-9F67-9AD97CDCB3FC}.Debug|Any CPU.ActiveCfg = Debug|Any CPU
		{3CFF40F5-700C-4112-9F67-9AD97CDCB3FC}.Debug|Any CPU.Build.0 = Debug|Any CPU
		{3CFF40F5-700C-4112-9F67-9AD97CDCB3FC}.Release|Any CPU.ActiveCfg = Release|Any CPU
		{3CFF40F5-700C-4112-9F67-9AD97CDCB3FC}.Release|Any CPU.Build.0 = Release|Any CPU
		{DD108DDC-B152-422F-A640-893FD771BA67}.Debug|Any CPU.ActiveCfg = Debug|Any CPU
		{DD108DDC-B152-422F-A640-893FD771BA67}.Debug|Any CPU.Build.0 = Debug|Any CPU
		{DD108DDC-B152-422F-A640-893FD771BA67}.Release|Any CPU.ActiveCfg = Release|Any CPU
		{DD108DDC-B152-422F-A640-893FD771BA67}.Release|Any CPU.Build.0 = Release|Any CPU
		{3EC593DE-E3C2-434D-A7D8-F80BE3D01F9E}.Debug|Any CPU.ActiveCfg = Debug|Any CPU
		{3EC593DE-E3C2-434D-A7D8-F80BE3D01F9E}.Debug|Any CPU.Build.0 = Debug|Any CPU
		{3EC593DE-E3C2-434D-A7D8-F80BE3D01F9E}.Release|Any CPU.ActiveCfg = Release|Any CPU
		{3EC593DE-E3C2-434D-A7D8-F80BE3D01F9E}.Release|Any CPU.Build.0 = Release|Any CPU
		{E1FFBA59-B142-421E-ACDD-1DDAE8AC7C68}.Debug|Any CPU.ActiveCfg = Debug|Any CPU
		{E1FFBA59-B142-421E-ACDD-1DDAE8AC7C68}.Debug|Any CPU.Build.0 = Debug|Any CPU
		{E1FFBA59-B142-421E-ACDD-1DDAE8AC7C68}.Release|Any CPU.ActiveCfg = Release|Any CPU
		{E1FFBA59-B142-421E-ACDD-1DDAE8AC7C68}.Release|Any CPU.Build.0 = Release|Any CPU
		{E4965936-DD6D-4A21-BDAB-5FDE9FD096AE}.Debug|Any CPU.ActiveCfg = Debug|Any CPU
		{E4965936-DD6D-4A21-BDAB-5FDE9FD096AE}.Debug|Any CPU.Build.0 = Debug|Any CPU
		{E4965936-DD6D-4A21-BDAB-5FDE9FD096AE}.Release|Any CPU.ActiveCfg = Release|Any CPU
		{E4965936-DD6D-4A21-BDAB-5FDE9FD096AE}.Release|Any CPU.Build.0 = Release|Any CPU
	EndGlobalSection
	GlobalSection(SolutionProperties) = preSolution
		HideSolutionNode = FALSE
	EndGlobalSection
	GlobalSection(NestedProjects) = preSolution
		{F0C066F4-2521-4E1B-8FDD-3B4B00D4F4B0} = {7F06855F-DE6F-44E2-A8C7-DAABC1422057}
		{E307667B-3D0A-4B79-82EC-53487B4A0DC4} = {7F06855F-DE6F-44E2-A8C7-DAABC1422057}
		{68BFC9B0-6523-424C-8F19-D80EA6A55174} = {7F06855F-DE6F-44E2-A8C7-DAABC1422057}
		{EC2517C6-C1C6-462C-A273-5462E41584B3} = {02EA681E-C7D8-13C7-8484-4AC65E1B71E8}
		{B3457B4A-22DB-4C69-BC12-CFAF3F696F87} = {02EA681E-C7D8-13C7-8484-4AC65E1B71E8}
		{D5EABEAE-83DF-41A5-B88C-205609BCC9CA} = {00B1B6BC-66EE-4E9B-8FAC-4DFDC67E2980}
		{EB3BBD48-93E8-4941-9395-83FF48160FC4} = {00B1B6BC-66EE-4E9B-8FAC-4DFDC67E2980}
		{0698057C-114B-4E41-866B-A401BF92AA57} = {50C129F1-8623-42A3-B5B1-B42E462F8EB2}
		{009E53BF-756A-499E-9472-09772C8AF97F} = {50C129F1-8623-42A3-B5B1-B42E462F8EB2}
		{E30264FE-CAEF-49B7-A995-0EE23D0C930A} = {46A3E327-66B7-460B-9A44-C274C2D4D237}
		{379D654B-F1B0-4C4D-9A0F-1AA11BE1968D} = {46A3E327-66B7-460B-9A44-C274C2D4D237}
		{9E8249ED-AB4E-455B-B2D7-D109938BA46D} = {A2B04812-06A3-4F84-AF19-35DD831169A1}
		{FF70F29A-6384-4977-A75B-D8B9A8F44C41} = {A2B04812-06A3-4F84-AF19-35DD831169A1}
		{5F52F9BD-858F-401E-B634-2B3EA496BE30} = {EB1A234E-671E-4861-B4A8-F4D7E047517E}
		{51D1BB68-F5C2-4B91-A089-9621B5CA1E71} = {EB1A234E-671E-4861-B4A8-F4D7E047517E}
		{32B282E3-CEFD-4718-8F57-14D7E91B7F89} = {CEAA6917-CB9E-4434-A609-7AD06EF21372}
		{A8E18B25-439C-43A4-89BF-53C57BAD7991} = {CEAA6917-CB9E-4434-A609-7AD06EF21372}
		{A90CF889-A721-460C-81BB-152B480F54C5} = {93BFA314-9331-47C1-831A-0D8394F1667F}
		{1699375E-8B1C-4767-9DA4-FCE4BC264290} = {93BFA314-9331-47C1-831A-0D8394F1667F}
		{B4C0CE5C-48CA-435D-958E-5702D11DB4EB} = {ED8296EC-5E76-478F-B68C-85B9653DC5E7}
		{96FDAD58-839C-4243-864D-3C750B672E10} = {ED8296EC-5E76-478F-B68C-85B9653DC5E7}
		{0D767634-56BE-42B3-A397-7B56BBECD4B9} = {A2B04812-06A3-4F84-AF19-35DD831169A1}
		{867D1A88-DFB7-449B-BDF7-12B503C1B947} = {EB1A234E-671E-4861-B4A8-F4D7E047517E}
		{AA174D46-93C2-4034-943C-19FC66B320FA} = {02EA681E-C7D8-13C7-8484-4AC65E1B71E8}
		{D1B605FA-51F8-471B-B42F-DA20B0966F7C} = {CEAA6917-CB9E-4434-A609-7AD06EF21372}
		{3CFF40F5-700C-4112-9F67-9AD97CDCB3FC} = {93BFA314-9331-47C1-831A-0D8394F1667F}
		{DD108DDC-B152-422F-A640-893FD771BA67} = {ED8296EC-5E76-478F-B68C-85B9653DC5E7}
		{3EC593DE-E3C2-434D-A7D8-F80BE3D01F9E} = {00B1B6BC-66EE-4E9B-8FAC-4DFDC67E2980}
		{E1FFBA59-B142-421E-ACDD-1DDAE8AC7C68} = {50C129F1-8623-42A3-B5B1-B42E462F8EB2}
		{E4965936-DD6D-4A21-BDAB-5FDE9FD096AE} = {46A3E327-66B7-460B-9A44-C274C2D4D237}
	EndGlobalSection
	GlobalSection(ExtensibilityGlobals) = postSolution
		SolutionGuid = {1ACFD675-9D01-453A-8328-9090D8BF52DD}
	EndGlobalSection
EndGlobal
